# This file is generated by running "yarn install" inside your project.
# Manual changes might be lost - proceed with caution!

__metadata:
  version: 6
  cacheKey: 8

"@vant/weapp@npm:^1.11.6":
  version: 1.11.6
  resolution: "@vant/weapp@npm:1.11.6"
  checksum: c08bf6b7ff421f55cc2db4172fe2edbc9dd19691e34ce2836d759f8b98d08f567998865d61a40e6fa9fc29785ee7125eb7bd10e05c593d5aba0166d4829372fb
  languageName: node
  linkType: hard

"root-workspace-0b6124@workspace:.":
  version: 0.0.0-use.local
  resolution: "root-workspace-0b6124@workspace:."
  dependencies:
    "@vant/weapp": ^1.11.6
  languageName: unknown
  linkType: soft
